// !$*UTF8*$!
{
	archiveVersion = 1;
	classes = {
	};
	objectVersion = 55;
	objects = {

/* Begin PBXBuildFile section */
		B9263BB3350ACDD98230617B /* Pods_CommonUI.framework in Frameworks */ = {isa = PBXBuildFile; fileRef = 032F7D6D074283F71C76B010 /* Pods_CommonUI.framework */; };
		D451820927AD9A9D007C700B /* CommonUI.h in Headers */ = {isa = PBXBuildFile; fileRef = D451820827AD9A9D007C700B /* CommonUI.h */; settings = {ATTRIBUTES = (Public, ); }; };
		D451821227AD9AC4007C700B /* CommonExtensions.framework in Frameworks */ = {isa = PBXBuildFile; fileRef = D451821027AD9AC4007C700B /* CommonExtensions.framework */; };
		D451821427AD9AC4007C700B /* Utilities.framework in Frameworks */ = {isa = PBXBuildFile; fileRef = D451821127AD9AC4007C700B /* Utilities.framework */; };
		D451821E27AD9C19007C700B /* Media.xcassets in Resources */ = {isa = PBXBuildFile; fileRef = D451821D27AD9C19007C700B /* Media.xcassets */; };
		D451822227AD9C87007C700B /* Animations in Resources */ = {isa = PBXBuildFile; fileRef = D451822127AD9C87007C700B /* Animations */; };
		D451822427AD9CBD007C700B /* BaseVC.swift in Sources */ = {isa = PBXBuildFile; fileRef = D451822327AD9CBD007C700B /* BaseVC.swift */; };
		D48DF44D27AF93700041CA2A /* NavView.swift in Sources */ = {isa = PBXBuildFile; fileRef = D48DF44B27AF93700041CA2A /* NavView.swift */; };
		D48DF44E27AF93700041CA2A /* NavView.xib in Resources */ = {isa = PBXBuildFile; fileRef = D48DF44C27AF93700041CA2A /* NavView.xib */; };
		D48DF45427AF99E20041CA2A /* Fonts.swift in Sources */ = {isa = PBXBuildFile; fileRef = D48DF45327AF99E20041CA2A /* Fonts.swift */; };
		D48DF46627AF9A900041CA2A /* Nunito-ExtraBoldItalic.ttf in Resources */ = {isa = PBXBuildFile; fileRef = D48DF45827AF9A900041CA2A /* Nunito-ExtraBoldItalic.ttf */; };
		D48DF46727AF9A900041CA2A /* Nunito-ExtraBold.ttf in Resources */ = {isa = PBXBuildFile; fileRef = D48DF45927AF9A900041CA2A /* Nunito-ExtraBold.ttf */; };
		D48DF46827AF9A900041CA2A /* Nunito-ExtraLightItalic.ttf in Resources */ = {isa = PBXBuildFile; fileRef = D48DF45A27AF9A900041CA2A /* Nunito-ExtraLightItalic.ttf */; };
		D48DF46927AF9A900041CA2A /* Nunito-Light.ttf in Resources */ = {isa = PBXBuildFile; fileRef = D48DF45B27AF9A900041CA2A /* Nunito-Light.ttf */; };
		D48DF46A27AF9A900041CA2A /* Nunito-Regular.ttf in Resources */ = {isa = PBXBuildFile; fileRef = D48DF45C27AF9A900041CA2A /* Nunito-Regular.ttf */; };
		D48DF46B27AF9A900041CA2A /* Nunito-SemiBold.ttf in Resources */ = {isa = PBXBuildFile; fileRef = D48DF45D27AF9A900041CA2A /* Nunito-SemiBold.ttf */; };
		D48DF46C27AF9A900041CA2A /* Nunito-Bold.ttf in Resources */ = {isa = PBXBuildFile; fileRef = D48DF45E27AF9A900041CA2A /* Nunito-Bold.ttf */; };
		D48DF46D27AF9A900041CA2A /* Nunito-BoldItalic.ttf in Resources */ = {isa = PBXBuildFile; fileRef = D48DF45F27AF9A900041CA2A /* Nunito-BoldItalic.ttf */; };
		D48DF46E27AF9A900041CA2A /* Nunito-Black.ttf in Resources */ = {isa = PBXBuildFile; fileRef = D48DF46027AF9A900041CA2A /* Nunito-Black.ttf */; };
		D48DF46F27AF9A900041CA2A /* Nunito-ExtraLight.ttf in Resources */ = {isa = PBXBuildFile; fileRef = D48DF46127AF9A900041CA2A /* Nunito-ExtraLight.ttf */; };
		D48DF47027AF9A900041CA2A /* Nunito-SemiBoldItalic.ttf in Resources */ = {isa = PBXBuildFile; fileRef = D48DF46227AF9A900041CA2A /* Nunito-SemiBoldItalic.ttf */; };
		D48DF47127AF9A900041CA2A /* Nunito-BlackItalic.ttf in Resources */ = {isa = PBXBuildFile; fileRef = D48DF46327AF9A900041CA2A /* Nunito-BlackItalic.ttf */; };
		D48DF47227AF9A900041CA2A /* Nunito-Italic.ttf in Resources */ = {isa = PBXBuildFile; fileRef = D48DF46427AF9A900041CA2A /* Nunito-Italic.ttf */; };
		D48DF47327AF9A900041CA2A /* Nunito-LightItalic.ttf in Resources */ = {isa = PBXBuildFile; fileRef = D48DF46527AF9A900041CA2A /* Nunito-LightItalic.ttf */; };
		D48DF47527AF9AD10041CA2A /* Styles.swift in Sources */ = {isa = PBXBuildFile; fileRef = D48DF47427AF9AD10041CA2A /* Styles.swift */; };
		D48DF47727AF9B2A0041CA2A /* Color.swift in Sources */ = {isa = PBXBuildFile; fileRef = D48DF47627AF9B2A0041CA2A /* Color.swift */; };
		D48DF47B27AF9C310041CA2A /* Button.swift in Sources */ = {isa = PBXBuildFile; fileRef = D48DF47A27AF9C310041CA2A /* Button.swift */; };
		D48DF49127AFE39E0041CA2A /* LabelHyperLink.swift in Sources */ = {isa = PBXBuildFile; fileRef = D48DF49027AFE39E0041CA2A /* LabelHyperLink.swift */; };
/* End PBXBuildFile section */

/* Begin PBXFileReference section */
		032F7D6D074283F71C76B010 /* Pods_CommonUI.framework */ = {isa = PBXFileReference; explicitFileType = wrapper.framework; includeInIndex = 0; path = Pods_CommonUI.framework; sourceTree = BUILT_PRODUCTS_DIR; };
		197030F7B8C351F71E651233 /* Pods-CommonUI.debug.xcconfig */ = {isa = PBXFileReference; includeInIndex = 1; lastKnownFileType = text.xcconfig; name = "Pods-CommonUI.debug.xcconfig"; path = "Target Support Files/Pods-CommonUI/Pods-CommonUI.debug.xcconfig"; sourceTree = "<group>"; };
		9BE88B283A7867038EAD0028 /* Pods-CommonUI.release.xcconfig */ = {isa = PBXFileReference; includeInIndex = 1; lastKnownFileType = text.xcconfig; name = "Pods-CommonUI.release.xcconfig"; path = "Target Support Files/Pods-CommonUI/Pods-CommonUI.release.xcconfig"; sourceTree = "<group>"; };
		D451820527AD9A9D007C700B /* CommonUI.framework */ = {isa = PBXFileReference; explicitFileType = wrapper.framework; includeInIndex = 0; path = CommonUI.framework; sourceTree = BUILT_PRODUCTS_DIR; };
		D451820827AD9A9D007C700B /* CommonUI.h */ = {isa = PBXFileReference; lastKnownFileType = sourcecode.c.h; path = CommonUI.h; sourceTree = "<group>"; };
		D451821027AD9AC4007C700B /* CommonExtensions.framework */ = {isa = PBXFileReference; explicitFileType = wrapper.framework; path = CommonExtensions.framework; sourceTree = BUILT_PRODUCTS_DIR; };
		D451821127AD9AC4007C700B /* Utilities.framework */ = {isa = PBXFileReference; explicitFileType = wrapper.framework; path = Utilities.framework; sourceTree = BUILT_PRODUCTS_DIR; };
		D451821D27AD9C19007C700B /* Media.xcassets */ = {isa = PBXFileReference; lastKnownFileType = folder.assetcatalog; path = Media.xcassets; sourceTree = "<group>"; };
		D451822127AD9C87007C700B /* Animations */ = {isa = PBXFileReference; lastKnownFileType = folder; path = Animations; sourceTree = "<group>"; };
		D451822327AD9CBD007C700B /* BaseVC.swift */ = {isa = PBXFileReference; lastKnownFileType = sourcecode.swift; path = BaseVC.swift; sourceTree = "<group>"; };
		D48DF44B27AF93700041CA2A /* NavView.swift */ = {isa = PBXFileReference; fileEncoding = 4; lastKnownFileType = sourcecode.swift; path = NavView.swift; sourceTree = "<group>"; };
		D48DF44C27AF93700041CA2A /* NavView.xib */ = {isa = PBXFileReference; fileEncoding = 4; lastKnownFileType = file.xib; path = NavView.xib; sourceTree = "<group>"; };
		D48DF45327AF99E20041CA2A /* Fonts.swift */ = {isa = PBXFileReference; lastKnownFileType = sourcecode.swift; path = Fonts.swift; sourceTree = "<group>"; };
		D48DF45827AF9A900041CA2A /* Nunito-ExtraBoldItalic.ttf */ = {isa = PBXFileReference; lastKnownFileType = file; path = "Nunito-ExtraBoldItalic.ttf"; sourceTree = "<group>"; };
		D48DF45927AF9A900041CA2A /* Nunito-ExtraBold.ttf */ = {isa = PBXFileReference; lastKnownFileType = file; path = "Nunito-ExtraBold.ttf"; sourceTree = "<group>"; };
		D48DF45A27AF9A900041CA2A /* Nunito-ExtraLightItalic.ttf */ = {isa = PBXFileReference; lastKnownFileType = file; path = "Nunito-ExtraLightItalic.ttf"; sourceTree = "<group>"; };
		D48DF45B27AF9A900041CA2A /* Nunito-Light.ttf */ = {isa = PBXFileReference; lastKnownFileType = file; path = "Nunito-Light.ttf"; sourceTree = "<group>"; };
		D48DF45C27AF9A900041CA2A /* Nunito-Regular.ttf */ = {isa = PBXFileReference; lastKnownFileType = file; path = "Nunito-Regular.ttf"; sourceTree = "<group>"; };
		D48DF45D27AF9A900041CA2A /* Nunito-SemiBold.ttf */ = {isa = PBXFileReference; lastKnownFileType = file; path = "Nunito-SemiBold.ttf"; sourceTree = "<group>"; };
		D48DF45E27AF9A900041CA2A /* Nunito-Bold.ttf */ = {isa = PBXFileReference; lastKnownFileType = file; path = "Nunito-Bold.ttf"; sourceTree = "<group>"; };
		D48DF45F27AF9A900041CA2A /* Nunito-BoldItalic.ttf */ = {isa = PBXFileReference; lastKnownFileType = file; path = "Nunito-BoldItalic.ttf"; sourceTree = "<group>"; };
		D48DF46027AF9A900041CA2A /* Nunito-Black.ttf */ = {isa = PBXFileReference; lastKnownFileType = file; path = "Nunito-Black.ttf"; sourceTree = "<group>"; };
		D48DF46127AF9A900041CA2A /* Nunito-ExtraLight.ttf */ = {isa = PBXFileReference; lastKnownFileType = file; path = "Nunito-ExtraLight.ttf"; sourceTree = "<group>"; };
		D48DF46227AF9A900041CA2A /* Nunito-SemiBoldItalic.ttf */ = {isa = PBXFileReference; lastKnownFileType = file; path = "Nunito-SemiBoldItalic.ttf"; sourceTree = "<group>"; };
		D48DF46327AF9A900041CA2A /* Nunito-BlackItalic.ttf */ = {isa = PBXFileReference; lastKnownFileType = file; path = "Nunito-BlackItalic.ttf"; sourceTree = "<group>"; };
		D48DF46427AF9A900041CA2A /* Nunito-Italic.ttf */ = {isa = PBXFileReference; lastKnownFileType = file; path = "Nunito-Italic.ttf"; sourceTree = "<group>"; };
		D48DF46527AF9A900041CA2A /* Nunito-LightItalic.ttf */ = {isa = PBXFileReference; lastKnownFileType = file; path = "Nunito-LightItalic.ttf"; sourceTree = "<group>"; };
		D48DF47427AF9AD10041CA2A /* Styles.swift */ = {isa = PBXFileReference; lastKnownFileType = sourcecode.swift; path = Styles.swift; sourceTree = "<group>"; };
		D48DF47627AF9B2A0041CA2A /* Color.swift */ = {isa = PBXFileReference; lastKnownFileType = sourcecode.swift; path = Color.swift; sourceTree = "<group>"; };
		D48DF47A27AF9C310041CA2A /* Button.swift */ = {isa = PBXFileReference; lastKnownFileType = sourcecode.swift; path = Button.swift; sourceTree = "<group>"; };
		D48DF49027AFE39E0041CA2A /* LabelHyperLink.swift */ = {isa = PBXFileReference; lastKnownFileType = sourcecode.swift; path = LabelHyperLink.swift; sourceTree = "<group>"; };
/* End PBXFileReference section */

/* Begin PBXFrameworksBuildPhase section */
		D451820227AD9A9D007C700B /* Frameworks */ = {
			isa = PBXFrameworksBuildPhase;
			buildActionMask = 2147483647;
			files = (
				D451821227AD9AC4007C700B /* CommonExtensions.framework in Frameworks */,
				D451821427AD9AC4007C700B /* Utilities.framework in Frameworks */,
				B9263BB3350ACDD98230617B /* Pods_CommonUI.framework in Frameworks */,
			);
			runOnlyForDeploymentPostprocessing = 0;
		};
/* End PBXFrameworksBuildPhase section */

/* Begin PBXGroup section */
		14D8A19C9332AA7D030AE5D0 /* Pods */ = {
			isa = PBXGroup;
			children = (
				197030F7B8C351F71E651233 /* Pods-CommonUI.debug.xcconfig */,
				9BE88B283A7867038EAD0028 /* Pods-CommonUI.release.xcconfig */,
			);
			name = Pods;
			path = ../Pods;
			sourceTree = "<group>";
		};
		D45181FB27AD9A9D007C700B = {
			isa = PBXGroup;
			children = (
				D451820727AD9A9D007C700B /* CommonUI */,
				D451820627AD9A9D007C700B /* Products */,
				D451820F27AD9AC3007C700B /* Frameworks */,
				14D8A19C9332AA7D030AE5D0 /* Pods */,
			);
			sourceTree = "<group>";
		};
		D451820627AD9A9D007C700B /* Products */ = {
			isa = PBXGroup;
			children = (
				D451820527AD9A9D007C700B /* CommonUI.framework */,
			);
			name = Products;
			sourceTree = "<group>";
		};
		D451820727AD9A9D007C700B /* CommonUI */ = {
			isa = PBXGroup;
			children = (
				D451822127AD9C87007C700B /* Animations */,
				D451821F27AD9C24007C700B /* Views */,
				D451820827AD9A9D007C700B /* CommonUI.h */,
				D451821D27AD9C19007C700B /* Media.xcassets */,
				D451822327AD9CBD007C700B /* BaseVC.swift */,
				D48DF45727AF9A900041CA2A /* Fonts */,
				D48DF45327AF99E20041CA2A /* Fonts.swift */,
				D48DF47427AF9AD10041CA2A /* Styles.swift */,
				D48DF47627AF9B2A0041CA2A /* Color.swift */,
			);
			path = CommonUI;
			sourceTree = "<group>";
		};
		D451820F27AD9AC3007C700B /* Frameworks */ = {
			isa = PBXGroup;
			children = (
				D451821027AD9AC4007C700B /* CommonExtensions.framework */,
				D451821127AD9AC4007C700B /* Utilities.framework */,
				032F7D6D074283F71C76B010 /* Pods_CommonUI.framework */,
			);
			name = Frameworks;
			sourceTree = "<group>";
		};
		D451821F27AD9C24007C700B /* Views */ = {
			isa = PBXGroup;
			children = (
				D48DF44A27AF93320041CA2A /* Nav */,
				D48DF47A27AF9C310041CA2A /* Button.swift */,
				D48DF49027AFE39E0041CA2A /* LabelHyperLink.swift */,
			);
			path = Views;
			sourceTree = "<group>";
		};
		D48DF44A27AF93320041CA2A /* Nav */ = {
			isa = PBXGroup;
			children = (
				D48DF44B27AF93700041CA2A /* NavView.swift */,
				D48DF44C27AF93700041CA2A /* NavView.xib */,
			);
			path = Nav;
			sourceTree = "<group>";
		};
		D48DF45727AF9A900041CA2A /* Fonts */ = {
			isa = PBXGroup;
			children = (
				D48DF45827AF9A900041CA2A /* Nunito-ExtraBoldItalic.ttf */,
				D48DF45927AF9A900041CA2A /* Nunito-ExtraBold.ttf */,
				D48DF45A27AF9A900041CA2A /* Nunito-ExtraLightItalic.ttf */,
				D48DF45B27AF9A900041CA2A /* Nunito-Light.ttf */,
				D48DF45C27AF9A900041CA2A /* Nunito-Regular.ttf */,
				D48DF45D27AF9A900041CA2A /* Nunito-SemiBold.ttf */,
				D48DF45E27AF9A900041CA2A /* Nunito-Bold.ttf */,
				D48DF45F27AF9A900041CA2A /* Nunito-BoldItalic.ttf */,
				D48DF46027AF9A900041CA2A /* Nunito-Black.ttf */,
				D48DF46127AF9A900041CA2A /* Nunito-ExtraLight.ttf */,
				D48DF46227AF9A900041CA2A /* Nunito-SemiBoldItalic.ttf */,
				D48DF46327AF9A900041CA2A /* Nunito-BlackItalic.ttf */,
				D48DF46427AF9A900041CA2A /* Nunito-Italic.ttf */,
				D48DF46527AF9A900041CA2A /* Nunito-LightItalic.ttf */,
			);
			path = Fonts;
			sourceTree = "<group>";
		};
/* End PBXGroup section */

/* Begin PBXHeadersBuildPhase section */
		D451820027AD9A9D007C700B /* Headers */ = {
			isa = PBXHeadersBuildPhase;
			buildActionMask = 2147483647;
			files = (
				D451820927AD9A9D007C700B /* CommonUI.h in Headers */,
			);
			runOnlyForDeploymentPostprocessing = 0;
		};
/* End PBXHeadersBuildPhase section */

/* Begin PBXNativeTarget section */
		D451820427AD9A9D007C700B /* CommonUI */ = {
			isa = PBXNativeTarget;
			buildConfigurationList = D451820C27AD9A9D007C700B /* Build configuration list for PBXNativeTarget "CommonUI" */;
			buildPhases = (
				A20A0C74CEE26420775604C0 /* [CP] Check Pods Manifest.lock */,
				D451820027AD9A9D007C700B /* Headers */,
				D451820127AD9A9D007C700B /* Sources */,
				D451820227AD9A9D007C700B /* Frameworks */,
				D451820327AD9A9D007C700B /* Resources */,
			);
			buildRules = (
			);
			dependencies = (
			);
			name = CommonUI;
			productName = CommonUI;
			productReference = D451820527AD9A9D007C700B /* CommonUI.framework */;
			productType = "com.apple.product-type.framework";
		};
/* End PBXNativeTarget section */

/* Begin PBXProject section */
		D45181FC27AD9A9D007C700B /* Project object */ = {
			isa = PBXProject;
			attributes = {
				BuildIndependentTargetsInParallel = 1;
				LastUpgradeCheck = 1310;
				TargetAttributes = {
					D451820427AD9A9D007C700B = {
						CreatedOnToolsVersion = 13.1;
						LastSwiftMigration = 1310;
					};
				};
			};
			buildConfigurationList = D45181FF27AD9A9D007C700B /* Build configuration list for PBXProject "CommonUI" */;
			compatibilityVersion = "Xcode 13.0";
			developmentRegion = en;
			hasScannedForEncodings = 0;
			knownRegions = (
				en,
				Base,
			);
			mainGroup = D45181FB27AD9A9D007C700B;
			productRefGroup = D451820627AD9A9D007C700B /* Products */;
			projectDirPath = "";
			projectRoot = "";
			targets = (
				D451820427AD9A9D007C700B /* CommonUI */,
			);
		};
/* End PBXProject section */

/* Begin PBXResourcesBuildPhase section */
		D451820327AD9A9D007C700B /* Resources */ = {
			isa = PBXResourcesBuildPhase;
			buildActionMask = 2147483647;
			files = (
				D451821E27AD9C19007C700B /* Media.xcassets in Resources */,
				D48DF46927AF9A900041CA2A /* Nunito-Light.ttf in Resources */,
				D48DF46A27AF9A900041CA2A /* Nunito-Regular.ttf in Resources */,
				D48DF47327AF9A900041CA2A /* Nunito-LightItalic.ttf in Resources */,
				D48DF46D27AF9A900041CA2A /* Nunito-BoldItalic.ttf in Resources */,
				D48DF47127AF9A900041CA2A /* Nunito-BlackItalic.ttf in Resources */,
				D48DF46B27AF9A900041CA2A /* Nunito-SemiBold.ttf in Resources */,
				D48DF46827AF9A900041CA2A /* Nunito-ExtraLightItalic.ttf in Resources */,
				D451822227AD9C87007C700B /* Animations in Resources */,
				D48DF46C27AF9A900041CA2A /* Nunito-Bold.ttf in Resources */,
				D48DF47027AF9A900041CA2A /* Nunito-SemiBoldItalic.ttf in Resources */,
				D48DF46727AF9A900041CA2A /* Nunito-ExtraBold.ttf in Resources */,
				D48DF44E27AF93700041CA2A /* NavView.xib in Resources */,
				D48DF46627AF9A900041CA2A /* Nunito-ExtraBoldItalic.ttf in Resources */,
				D48DF47227AF9A900041CA2A /* Nunito-Italic.ttf in Resources */,
				D48DF46E27AF9A900041CA2A /* Nunito-Black.ttf in Resources */,
				D48DF46F27AF9A900041CA2A /* Nunito-ExtraLight.ttf in Resources */,
			);
			runOnlyForDeploymentPostprocessing = 0;
		};
/* End PBXResourcesBuildPhase section */

/* Begin PBXShellScriptBuildPhase section */
		A20A0C74CEE26420775604C0 /* [CP] Check Pods Manifest.lock */ = {
			isa = PBXShellScriptBuildPhase;
			buildActionMask = 2147483647;
			files = (
			);
			inputFileListPaths = (
			);
			inputPaths = (
				"${PODS_PODFILE_DIR_PATH}/Podfile.lock",
				"${PODS_ROOT}/Manifest.lock",
			);
			name = "[CP] Check Pods Manifest.lock";
			outputFileListPaths = (
			);
			outputPaths = (
				"$(DERIVED_FILE_DIR)/Pods-CommonUI-checkManifestLockResult.txt",
			);
			runOnlyForDeploymentPostprocessing = 0;
			shellPath = /bin/sh;
			shellScript = "diff \"${PODS_PODFILE_DIR_PATH}/Podfile.lock\" \"${PODS_ROOT}/Manifest.lock\" > /dev/null\nif [ $? != 0 ] ; then\n    # print error to STDERR\n    echo \"error: The sandbox is not in sync with the Podfile.lock. Run 'pod install' or update your CocoaPods installation.\" >&2\n    exit 1\nfi\n# This output is used by Xcode 'outputs' to avoid re-running this script phase.\necho \"SUCCESS\" > \"${SCRIPT_OUTPUT_FILE_0}\"\n";
			showEnvVarsInLog = 0;
		};
/* End PBXShellScriptBuildPhase section */

/* Begin PBXSourcesBuildPhase section */
		D451820127AD9A9D007C700B /* Sources */ = {
			isa = PBXSourcesBuildPhase;
			buildActionMask = 2147483647;
			files = (
				D48DF44D27AF93700041CA2A /* NavView.swift in Sources */,
				D48DF47B27AF9C310041CA2A /* Button.swift in Sources */,
				D48DF45427AF99E20041CA2A /* Fonts.swift in Sources */,
				D451822427AD9CBD007C700B /* BaseVC.swift in Sources */,
				D48DF47727AF9B2A0041CA2A /* Color.swift in Sources */,
				D48DF47527AF9AD10041CA2A /* Styles.swift in Sources */,
				D48DF49127AFE39E0041CA2A /* LabelHyperLink.swift in Sources */,
			);
			runOnlyForDeploymentPostprocessing = 0;
		};
/* End PBXSourcesBuildPhase section */

/* Begin XCBuildConfiguration section */
		D451820A27AD9A9D007C700B /* Debug */ = {
			isa = XCBuildConfiguration;
			buildSettings = {
				ALWAYS_SEARCH_USER_PATHS = NO;
				CLANG_ANALYZER_NONNULL = YES;
				CLANG_ANALYZER_NUMBER_OBJECT_CONVERSION = YES_AGGRESSIVE;
				CLANG_CXX_LANGUAGE_STANDARD = "gnu++17";
				CLANG_CXX_LIBRARY = "libc++";
				CLANG_ENABLE_MODULES = YES;
				CLANG_ENABLE_OBJC_ARC = YES;
				CLANG_ENABLE_OBJC_WEAK = YES;
				CLANG_WARN_BLOCK_CAPTURE_AUTORELEASING = YES;
				CLANG_WARN_BOOL_CONVERSION = YES;
				CLANG_WARN_COMMA = YES;
				CLANG_WARN_CONSTANT_CONVERSION = YES;
				CLANG_WARN_DEPRECATED_OBJC_IMPLEMENTATIONS = YES;
				CLANG_WARN_DIRECT_OBJC_ISA_USAGE = YES_ERROR;
				CLANG_WARN_DOCUMENTATION_COMMENTS = YES;
				CLANG_WARN_EMPTY_BODY = YES;
				CLANG_WARN_ENUM_CONVERSION = YES;
				CLANG_WARN_INFINITE_RECURSION = YES;
				CLANG_WARN_INT_CONVERSION = YES;
				CLANG_WARN_NON_LITERAL_NULL_CONVERSION = YES;
				CLANG_WARN_OBJC_IMPLICIT_RETAIN_SELF = YES;
				CLANG_WARN_OBJC_LITERAL_CONVERSION = YES;
				CLANG_WARN_OBJC_ROOT_CLASS = YES_ERROR;
				CLANG_WARN_QUOTED_INCLUDE_IN_FRAMEWORK_HEADER = YES;
				CLANG_WARN_RANGE_LOOP_ANALYSIS = YES;
				CLANG_WARN_STRICT_PROTOTYPES = YES;
				CLANG_WARN_SUSPICIOUS_MOVE = YES;
				CLANG_WARN_UNGUARDED_AVAILABILITY = YES_AGGRESSIVE;
				CLANG_WARN_UNREACHABLE_CODE = YES;
				CLANG_WARN__DUPLICATE_METHOD_MATCH = YES;
				COPY_PHASE_STRIP = NO;
				CURRENT_PROJECT_VERSION = 1;
				DEBUG_INFORMATION_FORMAT = dwarf;
				ENABLE_STRICT_OBJC_MSGSEND = YES;
				ENABLE_TESTABILITY = YES;
				GCC_C_LANGUAGE_STANDARD = gnu11;
				GCC_DYNAMIC_NO_PIC = NO;
				GCC_NO_COMMON_BLOCKS = YES;
				GCC_OPTIMIZATION_LEVEL = 0;
				GCC_PREPROCESSOR_DEFINITIONS = (
					"DEBUG=1",
					"$(inherited)",
				);
				GCC_WARN_64_TO_32_BIT_CONVERSION = YES;
				GCC_WARN_ABOUT_RETURN_TYPE = YES_ERROR;
				GCC_WARN_UNDECLARED_SELECTOR = YES;
				GCC_WARN_UNINITIALIZED_AUTOS = YES_AGGRESSIVE;
				GCC_WARN_UNUSED_FUNCTION = YES;
				GCC_WARN_UNUSED_VARIABLE = YES;
				IPHONEOS_DEPLOYMENT_TARGET = 15.0;
				MTL_ENABLE_DEBUG_INFO = INCLUDE_SOURCE;
				MTL_FAST_MATH = YES;
				ONLY_ACTIVE_ARCH = YES;
				SDKROOT = iphoneos;
				SWIFT_ACTIVE_COMPILATION_CONDITIONS = DEBUG;
				SWIFT_OPTIMIZATION_LEVEL = "-Onone";
				VERSIONING_SYSTEM = "apple-generic";
				VERSION_INFO_PREFIX = "";
			};
			name = Debug;
		};
		D451820B27AD9A9D007C700B /* Release */ = {
			isa = XCBuildConfiguration;
			buildSettings = {
				ALWAYS_SEARCH_USER_PATHS = NO;
				CLANG_ANALYZER_NONNULL = YES;
				CLANG_ANALYZER_NUMBER_OBJECT_CONVERSION = YES_AGGRESSIVE;
				CLANG_CXX_LANGUAGE_STANDARD = "gnu++17";
				CLANG_CXX_LIBRARY = "libc++";
				CLANG_ENABLE_MODULES = YES;
				CLANG_ENABLE_OBJC_ARC = YES;
				CLANG_ENABLE_OBJC_WEAK = YES;
				CLANG_WARN_BLOCK_CAPTURE_AUTORELEASING = YES;
				CLANG_WARN_BOOL_CONVERSION = YES;
				CLANG_WARN_COMMA = YES;
				CLANG_WARN_CONSTANT_CONVERSION = YES;
				CLANG_WARN_DEPRECATED_OBJC_IMPLEMENTATIONS = YES;
				CLANG_WARN_DIRECT_OBJC_ISA_USAGE = YES_ERROR;
				CLANG_WARN_DOCUMENTATION_COMMENTS = YES;
				CLANG_WARN_EMPTY_BODY = YES;
				CLANG_WARN_ENUM_CONVERSION = YES;
				CLANG_WARN_INFINITE_RECURSION = YES;
				CLANG_WARN_INT_CONVERSION = YES;
				CLANG_WARN_NON_LITERAL_NULL_CONVERSION = YES;
				CLANG_WARN_OBJC_IMPLICIT_RETAIN_SELF = YES;
				CLANG_WARN_OBJC_LITERAL_CONVERSION = YES;
				CLANG_WARN_OBJC_ROOT_CLASS = YES_ERROR;
				CLANG_WARN_QUOTED_INCLUDE_IN_FRAMEWORK_HEADER = YES;
				CLANG_WARN_RANGE_LOOP_ANALYSIS = YES;
				CLANG_WARN_STRICT_PROTOTYPES = YES;
				CLANG_WARN_SUSPICIOUS_MOVE = YES;
				CLANG_WARN_UNGUARDED_AVAILABILITY = YES_AGGRESSIVE;
				CLANG_WARN_UNREACHABLE_CODE = YES;
				CLANG_WARN__DUPLICATE_METHOD_MATCH = YES;
				COPY_PHASE_STRIP = NO;
				CURRENT_PROJECT_VERSION = 1;
				DEBUG_INFORMATION_FORMAT = "dwarf-with-dsym";
				ENABLE_NS_ASSERTIONS = NO;
				ENABLE_STRICT_OBJC_MSGSEND = YES;
				GCC_C_LANGUAGE_STANDARD = gnu11;
				GCC_NO_COMMON_BLOCKS = YES;
				GCC_WARN_64_TO_32_BIT_CONVERSION = YES;
				GCC_WARN_ABOUT_RETURN_TYPE = YES_ERROR;
				GCC_WARN_UNDECLARED_SELECTOR = YES;
				GCC_WARN_UNINITIALIZED_AUTOS = YES_AGGRESSIVE;
				GCC_WARN_UNUSED_FUNCTION = YES;
				GCC_WARN_UNUSED_VARIABLE = YES;
				IPHONEOS_DEPLOYMENT_TARGET = 15.0;
				MTL_ENABLE_DEBUG_INFO = NO;
				MTL_FAST_MATH = YES;
				SDKROOT = iphoneos;
				SWIFT_COMPILATION_MODE = wholemodule;
				SWIFT_OPTIMIZATION_LEVEL = "-O";
				VALIDATE_PRODUCT = YES;
				VERSIONING_SYSTEM = "apple-generic";
				VERSION_INFO_PREFIX = "";
			};
			name = Release;
		};
		D451820D27AD9A9D007C700B /* Debug */ = {
			isa = XCBuildConfiguration;
			baseConfigurationReference = 197030F7B8C351F71E651233 /* Pods-CommonUI.debug.xcconfig */;
			buildSettings = {
				CLANG_ENABLE_MODULES = YES;
				CODE_SIGN_STYLE = Automatic;
				CURRENT_PROJECT_VERSION = 1;
				DEFINES_MODULE = YES;
				DYLIB_COMPATIBILITY_VERSION = 1;
				DYLIB_CURRENT_VERSION = 1;
				DYLIB_INSTALL_NAME_BASE = "@rpath";
				GENERATE_INFOPLIST_FILE = YES;
				INFOPLIST_KEY_NSHumanReadableCopyright = "";
				INSTALL_PATH = "$(LOCAL_LIBRARY_DIR)/Frameworks";
				IPHONEOS_DEPLOYMENT_TARGET = 12.1;
				LD_RUNPATH_SEARCH_PATHS = (
					"$(inherited)",
					"@executable_path/Frameworks",
					"@loader_path/Frameworks",
				);
				MARKETING_VERSION = 1.0;
				PRODUCT_BUNDLE_IDENTIFIER = com.xyz.CommonUI;
				PRODUCT_NAME = "$(TARGET_NAME:c99extidentifier)";
				SKIP_INSTALL = YES;
				SUPPORTS_MACCATALYST = NO;
				SWIFT_EMIT_LOC_STRINGS = YES;
				SWIFT_OPTIMIZATION_LEVEL = "-Onone";
				SWIFT_VERSION = 5.0;
				TARGETED_DEVICE_FAMILY = 1;
			};
			name = Debug;
		};
		D451820E27AD9A9D007C700B /* Release */ = {
			isa = XCBuildConfiguration;
			baseConfigurationReference = 9BE88B283A7867038EAD0028 /* Pods-CommonUI.release.xcconfig */;
			buildSettings = {
				CLANG_ENABLE_MODULES = YES;
				CODE_SIGN_STYLE = Automatic;
				CURRENT_PROJECT_VERSION = 1;
				DEFINES_MODULE = YES;
				DYLIB_COMPATIBILITY_VERSION = 1;
				DYLIB_CURRENT_VERSION = 1;
				DYLIB_INSTALL_NAME_BASE = "@rpath";
				GENERATE_INFOPLIST_FILE = YES;
				INFOPLIST_KEY_NSHumanReadableCopyright = "";
				INSTALL_PATH = "$(LOCAL_LIBRARY_DIR)/Frameworks";
				IPHONEOS_DEPLOYMENT_TARGET = 12.1;
				LD_RUNPATH_SEARCH_PATHS = (
					"$(inherited)",
					"@executable_path/Frameworks",
					"@loader_path/Frameworks",
				);
				MARKETING_VERSION = 1.0;
				PRODUCT_BUNDLE_IDENTIFIER = com.xyz.CommonUI;
				PRODUCT_NAME = "$(TARGET_NAME:c99extidentifier)";
				SKIP_INSTALL = YES;
				SUPPORTS_MACCATALYST = NO;
				SWIFT_EMIT_LOC_STRINGS = YES;
				SWIFT_VERSION = 5.0;
				TARGETED_DEVICE_FAMILY = 1;
			};
			name = Release;
		};
/* End XCBuildConfiguration section */

/* Begin XCConfigurationList section */
		D45181FF27AD9A9D007C700B /* Build configuration list for PBXProject "CommonUI" */ = {
			isa = XCConfigurationList;
			buildConfigurations = (
				D451820A27AD9A9D007C700B /* Debug */,
				D451820B27AD9A9D007C700B /* Release */,
			);
			defaultConfigurationIsVisible = 0;
			defaultConfigurationName = Release;
		};
		D451820C27AD9A9D007C700B /* Build configuration list for PBXNativeTarget "CommonUI" */ = {
			isa = XCConfigurationList;
			buildConfigurations = (
				D451820D27AD9A9D007C700B /* Debug */,
				D451820E27AD9A9D007C700B /* Release */,
			);
			defaultConfigurationIsVisible = 0;
			defaultConfigurationName = Release;
		};
/* End XCConfigurationList section */
	};
	rootObject = D45181FC27AD9A9D007C700B /* Project object */;
}
